
Microsoft Visual Studio Solution File, Format Version 12.00
# Visual Studio Version 17
VisualStudioVersion = 17.7.34024.191
MinimumVisualStudioVersion = 10.0.40219.1
Project("{FAE04EC0-301F-11D3-BF4B-00C04F79EFBC}") = "dz4", "dz4\dz4.csproj", "{BE4ADD33-F96A-4D9C-88E6-EE3F65D8A469}"
EndProject
Global
	GlobalSection(SolutionConfigurationPlatforms) = preSolution
		Debug|Any CPU = Debug|Any CPU
		Release|Any CPU = Release|Any CPU
	EndGlobalSection
	GlobalSection(ProjectConfigurationPlatforms) = postSolution
		{BE4ADD33-F96A-4D9C-88E6-EE3F65D8A469}.Debug|Any CPU.ActiveCfg = Debug|Any CPU
		{BE4ADD33-F96A-4D9C-88E6-EE3F65D8A469}.Debug|Any CPU.Build.0 = Debug|Any CPU
		{BE4ADD33-F96A-4D9C-88E6-EE3F65D8A469}.Release|Any CPU.ActiveCfg = Release|Any CPU
		{BE4ADD33-F96A-4D9C-88E6-EE3F65D8A469}.Release|Any CPU.Build.0 = Release|Any CPU
	EndGlobalSection
	GlobalSection(SolutionProperties) = preSolution
		HideSolutionNode = FALSE
	EndGlobalSection
	GlobalSection(ExtensibilityGlobals) = postSolution
		SolutionGuid = {9400D403-B05D-486B-A43C-EBC2CDF34B6B}
	EndGlobalSection
EndGlobal
